Microsoft Visual Studio Solution File, Format Version 12.00
# Visual Studio Version 16
VisualStudioVersion = 16.0.0.0
MinimumVisualStudioVersion = 16.0.0.0
Project("{9A19103F-16F7-4668-BE54-9A1E7A4F7556}") = "BlazorMovies.Server", "Server\BlazorMovies.Server.csproj", "{EB4CD423-8B8E-4899-B621-2CCDF4074A17}"
EndProject
Project("{9A19103F-16F7-4668-BE54-9A1E7A4F7556}") = "BlazorMovies.Client", "Client\BlazorMovies.Client.csproj", "{7CCAEB28-6179-4CAF-B042-4F4CAB0C0EF0}"
EndProject
Project("{9A19103F-16F7-4668-BE54-9A1E7A4F7556}") = "BlazorMovies.Shared", "Shared\BlazorMovies.Shared.csproj", "{D8DF0056-0F9E-42F1-8904-759EA71AE11E}"
EndProject
Global
	GlobalSection(SolutionConfigurationPlatforms) = preSolution
		Debug|Any CPU = Debug|Any CPU
		Debug|x64 = Debug|x64
		Debug|x86 = Debug|x86
		Release|Any CPU = Release|Any CPU
		Release|x64 = Release|x64
		Release|x86 = Release|x86
	EndGlobalSection
	GlobalSection(ProjectConfigurationPlatforms) = postSolution
		{7CCAEB28-6179-4CAF-B042-4F4CAB0C0EF0}.Debug|Any CPU.ActiveCfg = Debug|Any CPU
		{7CCAEB28-6179-4CAF-B042-4F4CAB0C0EF0}.Debug|Any CPU.Build.0 = Debug|Any CPU
		{7CCAEB28-6179-4CAF-B042-4F4CAB0C0EF0}.Debug|x64.ActiveCfg = Debug|Any CPU
		{7CCAEB28-6179-4CAF-B042-4F4CAB0C0EF0}.Debug|x64.Build.0 = Debug|Any CPU
		{7CCAEB28-6179-4CAF-B042-4F4CAB0C0EF0}.Debug|x86.ActiveCfg = Debug|Any CPU
		{7CCAEB28-6179-4CAF-B042-4F4CAB0C0EF0}.Debug|x86.Build.0 = Debug|Any CPU
		{7CCAEB28-6179-4CAF-B042-4F4CAB0C0EF0}.Release|Any CPU.ActiveCfg = Release|Any CPU
		{7CCAEB28-6179-4CAF-B042-4F4CAB0C0EF0}.Release|Any CPU.Build.0 = Release|Any CPU
		{7CCAEB28-6179-4CAF-B042-4F4CAB0C0EF0}.Release|x64.ActiveCfg = Release|Any CPU
		{7CCAEB28-6179-4CAF-B042-4F4CAB0C0EF0}.Release|x64.Build.0 = Release|Any CPU
		{7CCAEB28-6179-4CAF-B042-4F4CAB0C0EF0}.Release|x86.ActiveCfg = Release|Any CPU
		{7CCAEB28-6179-4CAF-B042-4F4CAB0C0EF0}.Release|x86.Build.0 = Release|Any CPU
		{EB4CD423-8B8E-4899-B621-2CCDF4074A17}.Debug|Any CPU.ActiveCfg = Debug|Any CPU
		{EB4CD423-8B8E-4899-B621-2CCDF4074A17}.Debug|Any CPU.Build.0 = Debug|Any CPU
		{EB4CD423-8B8E-4899-B621-2CCDF4074A17}.Debug|x64.ActiveCfg = Debug|Any CPU
		{EB4CD423-8B8E-4899-B621-2CCDF4074A17}.Debug|x64.Build.0 = Debug|Any CPU
		{EB4CD423-8B8E-4899-B621-2CCDF4074A17}.Debug|x86.ActiveCfg = Debug|Any CPU
		{EB4CD423-8B8E-4899-B621-2CCDF4074A17}.Debug|x86.Build.0 = Debug|Any CPU
		{EB4CD423-8B8E-4899-B621-2CCDF4074A17}.Release|Any CPU.ActiveCfg = Release|Any CPU
		{EB4CD423-8B8E-4899-B621-2CCDF4074A17}.Release|Any CPU.Build.0 = Release|Any CPU
		{EB4CD423-8B8E-4899-B621-2CCDF4074A17}.Release|x64.ActiveCfg = Release|Any CPU
		{EB4CD423-8B8E-4899-B621-2CCDF4074A17}.Release|x64.Build.0 = Release|Any CPU
		{EB4CD423-8B8E-4899-B621-2CCDF4074A17}.Release|x86.ActiveCfg = Release|Any CPU
		{EB4CD423-8B8E-4899-B621-2CCDF4074A17}.Release|x86.Build.0 = Release|Any CPU
		{D8DF0056-0F9E-42F1-8904-759EA71AE11E}.Debug|Any CPU.ActiveCfg = Debug|Any CPU
		{D8DF0056-0F9E-42F1-8904-759EA71AE11E}.Debug|Any CPU.Build.0 = Debug|Any CPU
		{D8DF0056-0F9E-42F1-8904-759EA71AE11E}.Debug|x64.ActiveCfg = Debug|Any CPU
		{D8DF0056-0F9E-42F1-8904-759EA71AE11E}.Debug|x64.Build.0 = Debug|Any CPU
		{D8DF0056-0F9E-42F1-8904-759EA71AE11E}.Debug|x86.ActiveCfg = Debug|Any CPU
		{D8DF0056-0F9E-42F1-8904-759EA71AE11E}.Debug|x86.Build.0 = Debug|Any CPU
		{D8DF0056-0F9E-42F1-8904-759EA71AE11E}.Release|Any CPU.ActiveCfg = Release|Any CPU
		{D8DF0056-0F9E-42F1-8904-759EA71AE11E}.Release|Any CPU.Build.0 = Release|Any CPU
		{D8DF0056-0F9E-42F1-8904-759EA71AE11E}.Release|x64.ActiveCfg = Release|Any CPU
		{D8DF0056-0F9E-42F1-8904-759EA71AE11E}.Release|x64.Build.0 = Release|Any CPU
		{D8DF0056-0F9E-42F1-8904-759EA71AE11E}.Release|x86.ActiveCfg = Release|Any CPU
		{D8DF0056-0F9E-42F1-8904-759EA71AE11E}.Release|x86.Build.0 = Release|Any CPU
	EndGlobalSection
	GlobalSection(SolutionProperties) = preSolution
		HideSolutionNode = FALSE
	EndGlobalSection
	GlobalSection(ExtensibilityGlobals) = postSolution
		SolutionGuid = {915D32E8-5296-4432-B991-97B37A9671E0}
	EndGlobalSection
EndGlobal